Microsoft Visual Studio Solution File, Format Version 12.00
# Visual Studio Version 17
VisualStudioVersion = 17.5.2.0
MinimumVisualStudioVersion = 10.0.40219.1
Project("{FAE04EC0-301F-11D3-BF4B-00C04F79EFBC}") = "core_first.API", "core_first.API.csproj", "{1FD4A1F5-B13C-58AB-FDE1-4B83B37432D9}"
EndProject
Global
	GlobalSection(SolutionConfigurationPlatforms) = preSolution
		Debug|Any CPU = Debug|Any CPU
		Release|Any CPU = Release|Any CPU
	EndGlobalSection
	GlobalSection(ProjectConfigurationPlatforms) = postSolution
		{1FD4A1F5-B13C-58AB-FDE1-4B83B37432D9}.Debug|Any CPU.ActiveCfg = Debug|Any CPU
		{1FD4A1F5-B13C-58AB-FDE1-4B83B37432D9}.Debug|Any CPU.Build.0 = Debug|Any CPU
		{1FD4A1F5-B13C-58AB-FDE1-4B83B37432D9}.Release|Any CPU.ActiveCfg = Release|Any CPU
		{1FD4A1F5-B13C-58AB-FDE1-4B83B37432D9}.Release|Any CPU.Build.0 = Release|Any CPU
	EndGlobalSection
	GlobalSection(SolutionProperties) = preSolution
		HideSolutionNode = FALSE
	EndGlobalSection
	GlobalSection(ExtensibilityGlobals) = postSolution
		SolutionGuid = {CC23444F-EFCE-4A35-9FFC-F76EE5D3669A}
	EndGlobalSection
EndGlobal
